
Microsoft Visual Studio Solution File, Format Version 12.00
# Visual Studio Version 17
VisualStudioVersion = 17.5.002.0
MinimumVisualStudioVersion = 10.0.40219.1
Project("{9A19103F-16F7-4668-BE54-9A1E7A4F7556}") = "Federacion_Ejercicio", "Federacion_Ejercicio.csproj", "{0C89D610-4324-4C13-8576-74A7AFAAABFF}"
EndProject
Global
	GlobalSection(SolutionConfigurationPlatforms) = preSolution
		Debug|Any CPU = Debug|Any CPU
		Release|Any CPU = Release|Any CPU
	EndGlobalSection
	GlobalSection(ProjectConfigurationPlatforms) = postSolution
		{0C89D610-4324-4C13-8576-74A7AFAAABFF}.Debug|Any CPU.ActiveCfg = Debug|Any CPU
		{0C89D610-4324-4C13-8576-74A7AFAAABFF}.Debug|Any CPU.Build.0 = Debug|Any CPU
		{0C89D610-4324-4C13-8576-74A7AFAAABFF}.Release|Any CPU.ActiveCfg = Release|Any CPU
		{0C89D610-4324-4C13-8576-74A7AFAAABFF}.Release|Any CPU.Build.0 = Release|Any CPU
	EndGlobalSection
	GlobalSection(SolutionProperties) = preSolution
		HideSolutionNode = FALSE
	EndGlobalSection
	GlobalSection(ExtensibilityGlobals) = postSolution
		SolutionGuid = {A336163A-D027-4BB3-9891-CE733EA0A4B9}
	EndGlobalSection
EndGlobal
